
Microsoft Visual Studio Solution File, Format Version 12.00
# Visual Studio Version 16
VisualStudioVersion = 16.0.32413.511
MinimumVisualStudioVersion = 10.0.40219.1
Project("{8BC9CEB8-8B4A-11D0-8D11-00A0C91BC942}") = "JawListLib", "JawListLib.vcxproj", "{89802310-7503-4014-AC3E-B86B881191D3}"
EndProject
Project("{8BC9CEB8-8B4A-11D0-8D11-00A0C91BC942}") = "QtListWidgetDemo", "..\QtListWidgetDemo\QtListWidgetDemo.vcxproj", "{E9ADFDE8-7350-44A3-830D-6C198F5645DE}"
EndProject
Global
	GlobalSection(SolutionConfigurationPlatforms) = preSolution
		Debug|x64 = Debug|x64
		Release|x64 = Release|x64
	EndGlobalSection
	GlobalSection(ProjectConfigurationPlatforms) = postSolution
		{89802310-7503-4014-AC3E-B86B881191D3}.Debug|x64.ActiveCfg = Debug|x64
		{89802310-7503-4014-AC3E-B86B881191D3}.Debug|x64.Build.0 = Debug|x64
		{89802310-7503-4014-AC3E-B86B881191D3}.Release|x64.ActiveCfg = Release|x64
		{89802310-7503-4014-AC3E-B86B881191D3}.Release|x64.Build.0 = Release|x64
		{E9ADFDE8-7350-44A3-830D-6C198F5645DE}.Debug|x64.ActiveCfg = Debug|x64
		{E9ADFDE8-7350-44A3-830D-6C198F5645DE}.Debug|x64.Build.0 = Debug|x64
		{E9ADFDE8-7350-44A3-830D-6C198F5645DE}.Release|x64.ActiveCfg = Release|x64
		{E9ADFDE8-7350-44A3-830D-6C198F5645DE}.Release|x64.Build.0 = Release|x64
	EndGlobalSection
	GlobalSection(SolutionProperties) = preSolution
		HideSolutionNode = FALSE
	EndGlobalSection
	GlobalSection(ExtensibilityGlobals) = postSolution
		SolutionGuid = {CF43F833-0152-4550-B64E-4839D714CDB7}
	EndGlobalSection
EndGlobal
